
Microsoft Visual Studio Solution File, Format Version 12.00
# Visual Studio Version 17
VisualStudioVersion = 17.10.34707.107
MinimumVisualStudioVersion = 10.0.40219.1
Project("{2150E333-8FDC-42A3-9474-1A3956D46DE8}") = "Services", "Services", "{389DF411-C88C-4938-8D3D-82FC62170C34}"
EndProject
Project("{2150E333-8FDC-42A3-9474-1A3956D46DE8}") = "Catalog", "Catalog", "{97A628ED-8937-4F52-A670-56BD94166616}"
EndProject
Project("{9A19103F-16F7-4668-BE54-9A1E7A4F7556}") = "MultiShop.Catalog", "Services\Catalog\MultiShop.Catalog\MultiShop.Catalog.csproj", "{DCC3C068-A79A-43AB-B7E7-2883BE00E037}"
EndProject
Project("{2150E333-8FDC-42A3-9474-1A3956D46DE8}") = "Discount", "Discount", "{CEED5534-4EDC-4171-9BC2-2AB7D3F4B4D8}"
EndProject
Project("{9A19103F-16F7-4668-BE54-9A1E7A4F7556}") = "MultiShop.Discount", "Services\Discount\MultiShop.Discount\MultiShop.Discount.csproj", "{0BBB69BC-169B-4257-9C35-C125EE39D447}"
EndProject
Project("{2150E333-8FDC-42A3-9474-1A3956D46DE8}") = "Order", "Order", "{72E1A760-2D27-4DC7-BC73-2819E684A84D}"
EndProject
Project("{2150E333-8FDC-42A3-9474-1A3956D46DE8}") = "Core", "Core", "{3CC72769-CCF4-4E88-AEB4-F17D53F96618}"
EndProject
Project("{2150E333-8FDC-42A3-9474-1A3956D46DE8}") = "Infrastructure", "Infrastructure", "{7AA2CB04-D3C7-40D3-B2A0-2A31A11D8946}"
EndProject
Project("{2150E333-8FDC-42A3-9474-1A3956D46DE8}") = "Presentation", "Presentation", "{C33525BF-DC5B-4587-A81F-28816FDEE48B}"
EndProject
Project("{9A19103F-16F7-4668-BE54-9A1E7A4F7556}") = "MultiShop.Order.Domain", "Services\Order\Core\MultiShop.Order.Domain\MultiShop.Order.Domain.csproj", "{B741E814-16F9-45C8-B737-CFA2CF5C9372}"
EndProject
Project("{9A19103F-16F7-4668-BE54-9A1E7A4F7556}") = "MultiShop.Order.Application", "Services\Order\Core\MultiShop.Order.Application\MultiShop.Order.Application.csproj", "{E0DF3F63-5B0F-4F49-8CA3-B3240DC42312}"
EndProject
Project("{9A19103F-16F7-4668-BE54-9A1E7A4F7556}") = "MultiShop.Order.Persistence", "Services\Order\Infrastructure\MultiShop.Order.Persistence\MultiShop.Order.Persistence.csproj", "{5B323B15-B627-47F3-BA00-1E1A62115AAE}"
EndProject
Project("{9A19103F-16F7-4668-BE54-9A1E7A4F7556}") = "MultiShop.Order.WebApi", "Services\Order\Presentation\MultiShop.Order.WebApi\MultiShop.Order.WebApi.csproj", "{A67912C5-DF9B-4057-84B0-B161A5DAFB3D}"
EndProject
Project("{2150E333-8FDC-42A3-9474-1A3956D46DE8}") = "IdentityServer", "IdentityServer", "{07C7E50D-68AD-4FB8-9839-83E071F81337}"
EndProject
Project("{9A19103F-16F7-4668-BE54-9A1E7A4F7556}") = "MultiShop.IdentityServer", "IdentityServer\MultiShop.IdentityServer\MultiShop.IdentityServer.csproj", "{15C89022-1FB8-476A-B033-7ACAFE5BF3BF}"
EndProject
Project("{2150E333-8FDC-42A3-9474-1A3956D46DE8}") = "Requirement", "Requirement", "{D357D9E1-B643-4C2B-8E5E-5DD775E4839B}"
	ProjectSection(SolutionItems) = preProject
		IdentityServerVersionErrorSolition.txt = IdentityServerVersionErrorSolition.txt
		LoginIndex.txt = LoginIndex.txt
		OcelotCodeExample.txt = OcelotCodeExample.txt
		OcelotLink.txt = OcelotLink.txt
		OrderHtml.txt = OrderHtml.txt
		PortainerCmd.txt = PortainerCmd.txt
		PortNumbers.txt = PortNumbers.txt
	EndProjectSection
EndProject
Project("{2150E333-8FDC-42A3-9474-1A3956D46DE8}") = "Cargo", "Cargo", "{95769785-2E75-4196-91D6-0E96AA31E002}"
EndProject
Project("{9A19103F-16F7-4668-BE54-9A1E7A4F7556}") = "MultiShop.Cargo.BusinessLayer", "Services\Cargo\MultiShop.Cargo.BusinessLayer\MultiShop.Cargo.BusinessLayer.csproj", "{57DC3E19-2472-43ED-AF87-06C66D9AFE02}"
EndProject
Project("{9A19103F-16F7-4668-BE54-9A1E7A4F7556}") = "MultiShop.Cargo.EntityLayer", "Services\Cargo\MultiShop.Cargo.EntityLayer\MultiShop.Cargo.EntityLayer.csproj", "{9BD09F87-FA01-4241-8D23-48ABEE3CFF6D}"
EndProject
Project("{9A19103F-16F7-4668-BE54-9A1E7A4F7556}") = "MultiShop.Cargo.DataAccessLayer", "Services\Cargo\MultiShop.Cargo.DataAccessLayer\MultiShop.Cargo.DataAccessLayer.csproj", "{543E2079-C4C1-4486-9BCF-3B0F38CE9010}"
EndProject
Project("{2150E333-8FDC-42A3-9474-1A3956D46DE8}") = "Basket", "Basket", "{992F38BD-8DAE-44E7-AC92-6C47C7B73D98}"
EndProject
Project("{9A19103F-16F7-4668-BE54-9A1E7A4F7556}") = "MultiShop.Basket", "Services\Basket\MultiShop.Basket\MultiShop.Basket.csproj", "{54159D1B-2AC5-449E-961A-C073682593CF}"
EndProject
Project("{2150E333-8FDC-42A3-9474-1A3956D46DE8}") = "Frontends", "Frontends", "{211AE595-DB5F-4B54-B430-0E5ABDD8BAFA}"
EndProject
Project("{9A19103F-16F7-4668-BE54-9A1E7A4F7556}") = "MultiShop.Cargo.DtoLayer", "Services\Cargo\MultiShop.Cargo.DtoLayer\MultiShop.Cargo.DtoLayer.csproj", "{761DCE35-B973-4079-B0F1-14FFDD9C8E74}"
EndProject
Project("{9A19103F-16F7-4668-BE54-9A1E7A4F7556}") = "MultiShop.Cargo.WebApi", "Services\Cargo\MultiShop.Cargo.WebApi\MultiShop.Cargo.WebApi.csproj", "{EED00E4E-D517-4CC6-AAD8-D708C73CC6E4}"
EndProject
Project("{9A19103F-16F7-4668-BE54-9A1E7A4F7556}") = "MultiShop.WebUI", "Frontends\MultiShop.WebUI\MultiShop.WebUI.csproj", "{4F893083-8AE7-4786-AE0A-B3C28345EEA9}"
EndProject
Project("{9A19103F-16F7-4668-BE54-9A1E7A4F7556}") = "MultiShop.DtoLayer", "Frontends\MultiShop.DtoLayer\MultiShop.DtoLayer.csproj", "{7AC4A569-5DC6-4F9D-B341-4958DDC3436E}"
EndProject
Project("{2150E333-8FDC-42A3-9474-1A3956D46DE8}") = "Comment", "Comment", "{8E0A7B09-9058-4F1F-A702-70FAD12A9A6F}"
EndProject
Project("{9A19103F-16F7-4668-BE54-9A1E7A4F7556}") = "MultiShop.Comment", "Services\Comment\MultiShop.Comment\MultiShop.Comment.csproj", "{97270BA0-07DE-4A7C-8DCD-17192ED3F7C9}"
EndProject
Project("{2150E333-8FDC-42A3-9474-1A3956D46DE8}") = "ApiGateway", "ApiGateway", "{D32E37D6-FFC1-478E-A688-36E94D2F9A54}"
EndProject
Project("{2150E333-8FDC-42A3-9474-1A3956D46DE8}") = "RapidApi", "RapidApi", "{550BEAAA-0989-42CC-93C8-C037942A9C5E}"
EndProject
Project("{9A19103F-16F7-4668-BE54-9A1E7A4F7556}") = "MultiShop.OcelotGateway", "ApiGateway\MultiShop.OcelotGateway\MultiShop.OcelotGateway.csproj", "{C8835EC2-09AC-46A9-BC70-BB7E62516025}"
EndProject
Project("{2150E333-8FDC-42A3-9474-1A3956D46DE8}") = "Payment", "Payment", "{DBE256F9-2783-4FE4-8C66-EC46EB3D4F8A}"
EndProject
Project("{9A19103F-16F7-4668-BE54-9A1E7A4F7556}") = "MultiShop.Payment", "Services\Payment\MultiShop.Payment\MultiShop.Payment.csproj", "{899AB6DF-EF5C-482C-A33C-B516E8D029DD}"
EndProject
Project("{2150E333-8FDC-42A3-9474-1A3956D46DE8}") = "Images", "Images", "{7BCF6DEB-A09F-4EC7-B9BD-6959E2043100}"
EndProject
Project("{9A19103F-16F7-4668-BE54-9A1E7A4F7556}") = "MultiShop.Images", "Services\Images\MultiShop.Images\MultiShop.Images.csproj", "{E17B6368-35A8-4ACB-BD9A-0B5FF2959F0A}"
EndProject
Project("{2150E333-8FDC-42A3-9474-1A3956D46DE8}") = "Message", "Message", "{4202208A-E6EF-4EFE-986F-3C79F73E839F}"
EndProject
Project("{9A19103F-16F7-4668-BE54-9A1E7A4F7556}") = "MultiShop.Message", "Services\Message\MultiShop.Message\MultiShop.Message.csproj", "{76CEF94E-A92C-44AD-8082-0F215F79DCB9}"
EndProject
Project("{2150E333-8FDC-42A3-9474-1A3956D46DE8}") = "SignalRRealTime", "SignalRRealTime", "{D76E10C2-BD2F-4FA1-9D6E-E5EC3F828BCF}"
EndProject
Project("{9A19103F-16F7-4668-BE54-9A1E7A4F7556}") = "MultiShop.SignalRRealTime", "Services\SignalRRealTime\MultiShop.SignalRRealTime\MultiShop.SignalRRealTime.csproj", "{41663B77-830D-4C03-A2DF-D09513ACD97A}"
EndProject
Project("{9A19103F-16F7-4668-BE54-9A1E7A4F7556}") = "MultiShop.RapidApiWebUI", "RapidApi\MultiShop.RapidApiWebUI\MultiShop.RapidApiWebUI.csproj", "{2E7F95FE-2519-4719-A060-4E177DE808D1}"
EndProject
Project("{2150E333-8FDC-42A3-9474-1A3956D46DE8}") = "Images", "Images", "{F7C7E867-8960-4FFC-923F-4F40ED229E78}"
EndProject
Global
	GlobalSection(SolutionConfigurationPlatforms) = preSolution
		Debug|Any CPU = Debug|Any CPU
		Release|Any CPU = Release|Any CPU
	EndGlobalSection
	GlobalSection(ProjectConfigurationPlatforms) = postSolution
		{DCC3C068-A79A-43AB-B7E7-2883BE00E037}.Debug|Any CPU.ActiveCfg = Debug|Any CPU
		{DCC3C068-A79A-43AB-B7E7-2883BE00E037}.Debug|Any CPU.Build.0 = Debug|Any CPU
		{DCC3C068-A79A-43AB-B7E7-2883BE00E037}.Release|Any CPU.ActiveCfg = Release|Any CPU
		{DCC3C068-A79A-43AB-B7E7-2883BE00E037}.Release|Any CPU.Build.0 = Release|Any CPU
		{0BBB69BC-169B-4257-9C35-C125EE39D447}.Debug|Any CPU.ActiveCfg = Debug|Any CPU
		{0BBB69BC-169B-4257-9C35-C125EE39D447}.Debug|Any CPU.Build.0 = Debug|Any CPU
		{0BBB69BC-169B-4257-9C35-C125EE39D447}.Release|Any CPU.ActiveCfg = Release|Any CPU
		{0BBB69BC-169B-4257-9C35-C125EE39D447}.Release|Any CPU.Build.0 = Release|Any CPU
		{B741E814-16F9-45C8-B737-CFA2CF5C9372}.Debug|Any CPU.ActiveCfg = Debug|Any CPU
		{B741E814-16F9-45C8-B737-CFA2CF5C9372}.Debug|Any CPU.Build.0 = Debug|Any CPU
		{B741E814-16F9-45C8-B737-CFA2CF5C9372}.Release|Any CPU.ActiveCfg = Release|Any CPU
		{B741E814-16F9-45C8-B737-CFA2CF5C9372}.Release|Any CPU.Build.0 = Release|Any CPU
		{E0DF3F63-5B0F-4F49-8CA3-B3240DC42312}.Debug|Any CPU.ActiveCfg = Debug|Any CPU
		{E0DF3F63-5B0F-4F49-8CA3-B3240DC42312}.Debug|Any CPU.Build.0 = Debug|Any CPU
		{E0DF3F63-5B0F-4F49-8CA3-B3240DC42312}.Release|Any CPU.ActiveCfg = Release|Any CPU
		{E0DF3F63-5B0F-4F49-8CA3-B3240DC42312}.Release|Any CPU.Build.0 = Release|Any CPU
		{5B323B15-B627-47F3-BA00-1E1A62115AAE}.Debug|Any CPU.ActiveCfg = Debug|Any CPU
		{5B323B15-B627-47F3-BA00-1E1A62115AAE}.Debug|Any CPU.Build.0 = Debug|Any CPU
		{5B323B15-B627-47F3-BA00-1E1A62115AAE}.Release|Any CPU.ActiveCfg = Release|Any CPU
		{5B323B15-B627-47F3-BA00-1E1A62115AAE}.Release|Any CPU.Build.0 = Release|Any CPU
		{A67912C5-DF9B-4057-84B0-B161A5DAFB3D}.Debug|Any CPU.ActiveCfg = Debug|Any CPU
		{A67912C5-DF9B-4057-84B0-B161A5DAFB3D}.Debug|Any CPU.Build.0 = Debug|Any CPU
		{A67912C5-DF9B-4057-84B0-B161A5DAFB3D}.Release|Any CPU.ActiveCfg = Release|Any CPU
		{A67912C5-DF9B-4057-84B0-B161A5DAFB3D}.Release|Any CPU.Build.0 = Release|Any CPU
		{15C89022-1FB8-476A-B033-7ACAFE5BF3BF}.Debug|Any CPU.ActiveCfg = Debug|Any CPU
		{15C89022-1FB8-476A-B033-7ACAFE5BF3BF}.Debug|Any CPU.Build.0 = Debug|Any CPU
		{15C89022-1FB8-476A-B033-7ACAFE5BF3BF}.Release|Any CPU.ActiveCfg = Release|Any CPU
		{15C89022-1FB8-476A-B033-7ACAFE5BF3BF}.Release|Any CPU.Build.0 = Release|Any CPU
		{57DC3E19-2472-43ED-AF87-06C66D9AFE02}.Debug|Any CPU.ActiveCfg = Debug|Any CPU
		{57DC3E19-2472-43ED-AF87-06C66D9AFE02}.Debug|Any CPU.Build.0 = Debug|Any CPU
		{57DC3E19-2472-43ED-AF87-06C66D9AFE02}.Release|Any CPU.ActiveCfg = Release|Any CPU
		{57DC3E19-2472-43ED-AF87-06C66D9AFE02}.Release|Any CPU.Build.0 = Release|Any CPU
		{9BD09F87-FA01-4241-8D23-48ABEE3CFF6D}.Debug|Any CPU.ActiveCfg = Debug|Any CPU
		{9BD09F87-FA01-4241-8D23-48ABEE3CFF6D}.Debug|Any CPU.Build.0 = Debug|Any CPU
		{9BD09F87-FA01-4241-8D23-48ABEE3CFF6D}.Release|Any CPU.ActiveCfg = Release|Any CPU
		{9BD09F87-FA01-4241-8D23-48ABEE3CFF6D}.Release|Any CPU.Build.0 = Release|Any CPU
		{543E2079-C4C1-4486-9BCF-3B0F38CE9010}.Debug|Any CPU.ActiveCfg = Debug|Any CPU
		{543E2079-C4C1-4486-9BCF-3B0F38CE9010}.Debug|Any CPU.Build.0 = Debug|Any CPU
		{543E2079-C4C1-4486-9BCF-3B0F38CE9010}.Release|Any CPU.ActiveCfg = Release|Any CPU
		{543E2079-C4C1-4486-9BCF-3B0F38CE9010}.Release|Any CPU.Build.0 = Release|Any CPU
		{54159D1B-2AC5-449E-961A-C073682593CF}.Debug|Any CPU.ActiveCfg = Debug|Any CPU
		{54159D1B-2AC5-449E-961A-C073682593CF}.Debug|Any CPU.Build.0 = Debug|Any CPU
		{54159D1B-2AC5-449E-961A-C073682593CF}.Release|Any CPU.ActiveCfg = Release|Any CPU
		{54159D1B-2AC5-449E-961A-C073682593CF}.Release|Any CPU.Build.0 = Release|Any CPU
		{761DCE35-B973-4079-B0F1-14FFDD9C8E74}.Debug|Any CPU.ActiveCfg = Debug|Any CPU
		{761DCE35-B973-4079-B0F1-14FFDD9C8E74}.Debug|Any CPU.Build.0 = Debug|Any CPU
		{761DCE35-B973-4079-B0F1-14FFDD9C8E74}.Release|Any CPU.ActiveCfg = Release|Any CPU
		{761DCE35-B973-4079-B0F1-14FFDD9C8E74}.Release|Any CPU.Build.0 = Release|Any CPU
		{EED00E4E-D517-4CC6-AAD8-D708C73CC6E4}.Debug|Any CPU.ActiveCfg = Debug|Any CPU
		{EED00E4E-D517-4CC6-AAD8-D708C73CC6E4}.Debug|Any CPU.Build.0 = Debug|Any CPU
		{EED00E4E-D517-4CC6-AAD8-D708C73CC6E4}.Release|Any CPU.ActiveCfg = Release|Any CPU
		{EED00E4E-D517-4CC6-AAD8-D708C73CC6E4}.Release|Any CPU.Build.0 = Release|Any CPU
		{4F893083-8AE7-4786-AE0A-B3C28345EEA9}.Debug|Any CPU.ActiveCfg = Debug|Any CPU
		{4F893083-8AE7-4786-AE0A-B3C28345EEA9}.Debug|Any CPU.Build.0 = Debug|Any CPU
		{4F893083-8AE7-4786-AE0A-B3C28345EEA9}.Release|Any CPU.ActiveCfg = Release|Any CPU
		{4F893083-8AE7-4786-AE0A-B3C28345EEA9}.Release|Any CPU.Build.0 = Release|Any CPU
		{7AC4A569-5DC6-4F9D-B341-4958DDC3436E}.Debug|Any CPU.ActiveCfg = Debug|Any CPU
		{7AC4A569-5DC6-4F9D-B341-4958DDC3436E}.Debug|Any CPU.Build.0 = Debug|Any CPU
		{7AC4A569-5DC6-4F9D-B341-4958DDC3436E}.Release|Any CPU.ActiveCfg = Release|Any CPU
		{7AC4A569-5DC6-4F9D-B341-4958DDC3436E}.Release|Any CPU.Build.0 = Release|Any CPU
		{97270BA0-07DE-4A7C-8DCD-17192ED3F7C9}.Debug|Any CPU.ActiveCfg = Debug|Any CPU
		{97270BA0-07DE-4A7C-8DCD-17192ED3F7C9}.Debug|Any CPU.Build.0 = Debug|Any CPU
		{97270BA0-07DE-4A7C-8DCD-17192ED3F7C9}.Release|Any CPU.ActiveCfg = Release|Any CPU
		{97270BA0-07DE-4A7C-8DCD-17192ED3F7C9}.Release|Any CPU.Build.0 = Release|Any CPU
		{C8835EC2-09AC-46A9-BC70-BB7E62516025}.Debug|Any CPU.ActiveCfg = Debug|Any CPU
		{C8835EC2-09AC-46A9-BC70-BB7E62516025}.Debug|Any CPU.Build.0 = Debug|Any CPU
		{C8835EC2-09AC-46A9-BC70-BB7E62516025}.Release|Any CPU.ActiveCfg = Release|Any CPU
		{C8835EC2-09AC-46A9-BC70-BB7E62516025}.Release|Any CPU.Build.0 = Release|Any CPU
		{899AB6DF-EF5C-482C-A33C-B516E8D029DD}.Debug|Any CPU.ActiveCfg = Debug|Any CPU
		{899AB6DF-EF5C-482C-A33C-B516E8D029DD}.Debug|Any CPU.Build.0 = Debug|Any CPU
		{899AB6DF-EF5C-482C-A33C-B516E8D029DD}.Release|Any CPU.ActiveCfg = Release|Any CPU
		{899AB6DF-EF5C-482C-A33C-B516E8D029DD}.Release|Any CPU.Build.0 = Release|Any CPU
		{E17B6368-35A8-4ACB-BD9A-0B5FF2959F0A}.Debug|Any CPU.ActiveCfg = Debug|Any CPU
		{E17B6368-35A8-4ACB-BD9A-0B5FF2959F0A}.Debug|Any CPU.Build.0 = Debug|Any CPU
		{E17B6368-35A8-4ACB-BD9A-0B5FF2959F0A}.Release|Any CPU.ActiveCfg = Release|Any CPU
		{E17B6368-35A8-4ACB-BD9A-0B5FF2959F0A}.Release|Any CPU.Build.0 = Release|Any CPU
		{76CEF94E-A92C-44AD-8082-0F215F79DCB9}.Debug|Any CPU.ActiveCfg = Debug|Any CPU
		{76CEF94E-A92C-44AD-8082-0F215F79DCB9}.Debug|Any CPU.Build.0 = Debug|Any CPU
		{76CEF94E-A92C-44AD-8082-0F215F79DCB9}.Release|Any CPU.ActiveCfg = Release|Any CPU
		{76CEF94E-A92C-44AD-8082-0F215F79DCB9}.Release|Any CPU.Build.0 = Release|Any CPU
		{41663B77-830D-4C03-A2DF-D09513ACD97A}.Debug|Any CPU.ActiveCfg = Debug|Any CPU
		{41663B77-830D-4C03-A2DF-D09513ACD97A}.Debug|Any CPU.Build.0 = Debug|Any CPU
		{41663B77-830D-4C03-A2DF-D09513ACD97A}.Release|Any CPU.ActiveCfg = Release|Any CPU
		{41663B77-830D-4C03-A2DF-D09513ACD97A}.Release|Any CPU.Build.0 = Release|Any CPU
		{2E7F95FE-2519-4719-A060-4E177DE808D1}.Debug|Any CPU.ActiveCfg = Debug|Any CPU
		{2E7F95FE-2519-4719-A060-4E177DE808D1}.Debug|Any CPU.Build.0 = Debug|Any CPU
		{2E7F95FE-2519-4719-A060-4E177DE808D1}.Release|Any CPU.ActiveCfg = Release|Any CPU
		{2E7F95FE-2519-4719-A060-4E177DE808D1}.Release|Any CPU.Build.0 = Release|Any CPU
	EndGlobalSection
	GlobalSection(SolutionProperties) = preSolution
		HideSolutionNode = FALSE
	EndGlobalSection
	GlobalSection(NestedProjects) = preSolution
		{97A628ED-8937-4F52-A670-56BD94166616} = {389DF411-C88C-4938-8D3D-82FC62170C34}
		{DCC3C068-A79A-43AB-B7E7-2883BE00E037} = {97A628ED-8937-4F52-A670-56BD94166616}
		{CEED5534-4EDC-4171-9BC2-2AB7D3F4B4D8} = {389DF411-C88C-4938-8D3D-82FC62170C34}
		{0BBB69BC-169B-4257-9C35-C125EE39D447} = {CEED5534-4EDC-4171-9BC2-2AB7D3F4B4D8}
		{72E1A760-2D27-4DC7-BC73-2819E684A84D} = {389DF411-C88C-4938-8D3D-82FC62170C34}
		{3CC72769-CCF4-4E88-AEB4-F17D53F96618} = {72E1A760-2D27-4DC7-BC73-2819E684A84D}
		{7AA2CB04-D3C7-40D3-B2A0-2A31A11D8946} = {72E1A760-2D27-4DC7-BC73-2819E684A84D}
		{C33525BF-DC5B-4587-A81F-28816FDEE48B} = {72E1A760-2D27-4DC7-BC73-2819E684A84D}
		{B741E814-16F9-45C8-B737-CFA2CF5C9372} = {3CC72769-CCF4-4E88-AEB4-F17D53F96618}
		{E0DF3F63-5B0F-4F49-8CA3-B3240DC42312} = {3CC72769-CCF4-4E88-AEB4-F17D53F96618}
		{5B323B15-B627-47F3-BA00-1E1A62115AAE} = {7AA2CB04-D3C7-40D3-B2A0-2A31A11D8946}
		{A67912C5-DF9B-4057-84B0-B161A5DAFB3D} = {C33525BF-DC5B-4587-A81F-28816FDEE48B}
		{15C89022-1FB8-476A-B033-7ACAFE5BF3BF} = {07C7E50D-68AD-4FB8-9839-83E071F81337}
		{95769785-2E75-4196-91D6-0E96AA31E002} = {389DF411-C88C-4938-8D3D-82FC62170C34}
		{57DC3E19-2472-43ED-AF87-06C66D9AFE02} = {95769785-2E75-4196-91D6-0E96AA31E002}
		{9BD09F87-FA01-4241-8D23-48ABEE3CFF6D} = {95769785-2E75-4196-91D6-0E96AA31E002}
		{543E2079-C4C1-4486-9BCF-3B0F38CE9010} = {95769785-2E75-4196-91D6-0E96AA31E002}
		{992F38BD-8DAE-44E7-AC92-6C47C7B73D98} = {389DF411-C88C-4938-8D3D-82FC62170C34}
		{54159D1B-2AC5-449E-961A-C073682593CF} = {992F38BD-8DAE-44E7-AC92-6C47C7B73D98}
		{761DCE35-B973-4079-B0F1-14FFDD9C8E74} = {95769785-2E75-4196-91D6-0E96AA31E002}
		{EED00E4E-D517-4CC6-AAD8-D708C73CC6E4} = {95769785-2E75-4196-91D6-0E96AA31E002}
		{4F893083-8AE7-4786-AE0A-B3C28345EEA9} = {211AE595-DB5F-4B54-B430-0E5ABDD8BAFA}
		{7AC4A569-5DC6-4F9D-B341-4958DDC3436E} = {211AE595-DB5F-4B54-B430-0E5ABDD8BAFA}
		{8E0A7B09-9058-4F1F-A702-70FAD12A9A6F} = {389DF411-C88C-4938-8D3D-82FC62170C34}
		{97270BA0-07DE-4A7C-8DCD-17192ED3F7C9} = {8E0A7B09-9058-4F1F-A702-70FAD12A9A6F}
		{C8835EC2-09AC-46A9-BC70-BB7E62516025} = {D32E37D6-FFC1-478E-A688-36E94D2F9A54}
		{DBE256F9-2783-4FE4-8C66-EC46EB3D4F8A} = {389DF411-C88C-4938-8D3D-82FC62170C34}
		{899AB6DF-EF5C-482C-A33C-B516E8D029DD} = {DBE256F9-2783-4FE4-8C66-EC46EB3D4F8A}
		{7BCF6DEB-A09F-4EC7-B9BD-6959E2043100} = {389DF411-C88C-4938-8D3D-82FC62170C34}
		{E17B6368-35A8-4ACB-BD9A-0B5FF2959F0A} = {7BCF6DEB-A09F-4EC7-B9BD-6959E2043100}
		{4202208A-E6EF-4EFE-986F-3C79F73E839F} = {389DF411-C88C-4938-8D3D-82FC62170C34}
		{76CEF94E-A92C-44AD-8082-0F215F79DCB9} = {4202208A-E6EF-4EFE-986F-3C79F73E839F}
		{D76E10C2-BD2F-4FA1-9D6E-E5EC3F828BCF} = {389DF411-C88C-4938-8D3D-82FC62170C34}
		{41663B77-830D-4C03-A2DF-D09513ACD97A} = {D76E10C2-BD2F-4FA1-9D6E-E5EC3F828BCF}
		{2E7F95FE-2519-4719-A060-4E177DE808D1} = {550BEAAA-0989-42CC-93C8-C037942A9C5E}
	EndGlobalSection
	GlobalSection(ExtensibilityGlobals) = postSolution
		SolutionGuid = {8EF30BE8-50E6-4644-845A-82C6C66A3800}
	EndGlobalSection
EndGlobal
